
Microsoft Visual Studio Solution File, Format Version 12.00
# Visual Studio Version 17
VisualStudioVersion = 17.8.34525.116
MinimumVisualStudioVersion = 10.0.40219.1
Project("{FAE04EC0-301F-11D3-BF4B-00C04F79EFBC}") = "parcial2", "parcial2\parcial2.csproj", "{3B25B8E6-CD0B-4063-AE5E-55D1C3126699}"
EndProject
Project("{FAE04EC0-301F-11D3-BF4B-00C04F79EFBC}") = "Comerciolib", "Comerciolib\Comerciolib.csproj", "{965BB09A-27E0-4A1E-B60E-F7BE5A85176E}"
EndProject
Global
	GlobalSection(SolutionConfigurationPlatforms) = preSolution
		Debug|Any CPU = Debug|Any CPU
		Release|Any CPU = Release|Any CPU
	EndGlobalSection
	GlobalSection(ProjectConfigurationPlatforms) = postSolution
		{3B25B8E6-CD0B-4063-AE5E-55D1C3126699}.Debug|Any CPU.ActiveCfg = Debug|Any CPU
		{3B25B8E6-CD0B-4063-AE5E-55D1C3126699}.Debug|Any CPU.Build.0 = Debug|Any CPU
		{3B25B8E6-CD0B-4063-AE5E-55D1C3126699}.Release|Any CPU.ActiveCfg = Release|Any CPU
		{3B25B8E6-CD0B-4063-AE5E-55D1C3126699}.Release|Any CPU.Build.0 = Release|Any CPU
		{965BB09A-27E0-4A1E-B60E-F7BE5A85176E}.Debug|Any CPU.ActiveCfg = Debug|Any CPU
		{965BB09A-27E0-4A1E-B60E-F7BE5A85176E}.Debug|Any CPU.Build.0 = Debug|Any CPU
		{965BB09A-27E0-4A1E-B60E-F7BE5A85176E}.Release|Any CPU.ActiveCfg = Release|Any CPU
		{965BB09A-27E0-4A1E-B60E-F7BE5A85176E}.Release|Any CPU.Build.0 = Release|Any CPU
	EndGlobalSection
	GlobalSection(SolutionProperties) = preSolution
		HideSolutionNode = FALSE
	EndGlobalSection
	GlobalSection(ExtensibilityGlobals) = postSolution
		SolutionGuid = {CDE91B6F-3A13-42CE-B02E-7B8816AA2F88}
	EndGlobalSection
EndGlobal
